# Windows x64 / CPython 3.14.6; runtime and transitive dependencies.
altgraph==0.17.5
numpy==2.5.1
opencv-python==5.0.0.93
packaging==26.3
pefile==2024.8.26
pillow==12.3.0
pyinstaller==6.22.0
pyinstaller-hooks-contrib==2026.6
PyQt5==5.15.11
PyQt5-Qt5==5.15.2
PyQt5_sip==12.19.0
pywin32-ctypes==0.2.3
scipy==1.18.0
setuptools==84.0.0
